
Microsoft Visual Studio Solution File, Format Version 12.00
# Visual Studio 14
VisualStudioVersion = 14.0.25420.1
MinimumVisualStudioVersion = 10.0.40219.1
Project("{159641D6-6404-4A2A-AE62-294DE0FE8301}") = "EnvAir", "EnvAir\EnvAir.dtproj", "{F37EE4A3-C580-4A49-8962-399B6B3314E8}"
EndProject
Global
	GlobalSection(SolutionConfigurationPlatforms) = preSolution
		Development|Default = Development|Default
	EndGlobalSection
	GlobalSection(ProjectConfigurationPlatforms) = postSolution
		{F37EE4A3-C580-4A49-8962-399B6B3314E8}.Development|Default.ActiveCfg = Development
		{F37EE4A3-C580-4A49-8962-399B6B3314E8}.Development|Default.Build.0 = Development
	EndGlobalSection
	GlobalSection(SolutionProperties) = preSolution
		HideSolutionNode = FALSE
	EndGlobalSection
	GlobalSection(TeamFoundationVersionControl) = preSolution
		SccNumberOfProjects = 2
		SccEnterpriseProvider = {4CA58AB2-18FA-4F8D-95D4-32DDF27D184C}
		SccTeamFoundationServer = http://jacs8063.ccscollect.com:8080/tfs/rgscollection
		SccLocalPath0 = .
		SccProjectUniqueName1 = EnvAir\\EnvAir.dtproj
		SccProjectName1 = EnvAir
		SccLocalPath1 = EnvAir
	EndGlobalSection
EndGlobal
